
Microsoft Visual Studio Solution File, Format Version 12.00
# Visual Studio Version 16
VisualStudioVersion = 16.0.31702.278
MinimumVisualStudioVersion = 10.0.40219.1
Project("{FAE04EC0-301F-11D3-BF4B-00C04F79EFBC}") = "UserMaintenance", "UserMaintenance\UserMaintenance.csproj", "{63B508F6-458D-46DA-AC8F-7C876390D64F}"
EndProject
Global
	GlobalSection(SolutionConfigurationPlatforms) = preSolution
		Debug|Any CPU = Debug|Any CPU
		Release|Any CPU = Release|Any CPU
	EndGlobalSection
	GlobalSection(ProjectConfigurationPlatforms) = postSolution
		{63B508F6-458D-46DA-AC8F-7C876390D64F}.Debug|Any CPU.ActiveCfg = Debug|Any CPU
		{63B508F6-458D-46DA-AC8F-7C876390D64F}.Debug|Any CPU.Build.0 = Debug|Any CPU
		{63B508F6-458D-46DA-AC8F-7C876390D64F}.Release|Any CPU.ActiveCfg = Release|Any CPU
		{63B508F6-458D-46DA-AC8F-7C876390D64F}.Release|Any CPU.Build.0 = Release|Any CPU
	EndGlobalSection
	GlobalSection(SolutionProperties) = preSolution
		HideSolutionNode = FALSE
	EndGlobalSection
	GlobalSection(ExtensibilityGlobals) = postSolution
		SolutionGuid = {94FF1065-6D5E-4230-8407-6C8F3DCBC5F1}
	EndGlobalSection
EndGlobal
